
Microsoft Visual Studio Solution File, Format Version 12.00
# Visual Studio 15
VisualStudioVersion = 15.0.28307.572
MinimumVisualStudioVersion = 10.0.40219.1
Project("{FAE04EC0-301F-11D3-BF4B-00C04F79EFBC}") = "PEngineHeaderTool", "PEngineHeaderTool.csproj", "{820BF47D-7E1B-4A80-8918-316741631239}"
EndProject
Global
	GlobalSection(SolutionConfigurationPlatforms) = preSolution
		Debug|Any CPU = Debug|Any CPU
		Release|Any CPU = Release|Any CPU
	EndGlobalSection
	GlobalSection(ProjectConfigurationPlatforms) = postSolution
		{820BF47D-7E1B-4A80-8918-316741631239}.Debug|Any CPU.ActiveCfg = Debug|Any CPU
		{820BF47D-7E1B-4A80-8918-316741631239}.Debug|Any CPU.Build.0 = Debug|Any CPU
		{820BF47D-7E1B-4A80-8918-316741631239}.Release|Any CPU.ActiveCfg = Release|Any CPU
		{820BF47D-7E1B-4A80-8918-316741631239}.Release|Any CPU.Build.0 = Release|Any CPU
	EndGlobalSection
	GlobalSection(SolutionProperties) = preSolution
		HideSolutionNode = FALSE
	EndGlobalSection
	GlobalSection(ExtensibilityGlobals) = postSolution
		SolutionGuid = {1EDDF413-2C1A-4251-9281-2F233EA51BFB}
	EndGlobalSection
EndGlobal
