<?xml version="1.0" encoding="utf-8"?>
<Project ToolsVersion="15.0" xmlns="http://schemas.microsoft.com/developer/msbuild/2003">
  <ItemGroup>
    <ClCompile Include="E:\Main\PEngine\PrototypingProject\Sources\Player\WindowPlayer\Private\Main.cpp">
      <Filter>Private</Filter>
    </ClCompile>
  </ItemGroup>
  <ItemGroup>
    <ClInclude Include="E:\Main\PEngine\PrototypingProject\Sources\Player\WindowPlayer\Public\WindowHeader.h">
      <Filter>Public</Filter>
    </ClInclude>
  </ItemGroup>
  <ItemGroup>
    <CustomBuild Include="E:\Main\PEngine\PrototypingProject\Sources\Player\WindowPlayer\CMakeLists.txt" />
  </ItemGroup>
  <ItemGroup>
    <Filter Include="Private">
      <UniqueIdentifier>{8BA1D210-859D-3458-8E6A-DDA4B6D35855}</UniqueIdentifier>
    </Filter>
    <Filter Include="Public">
      <UniqueIdentifier>{BD1276A9-BC53-359D-85CA-C9B89C880754}</UniqueIdentifier>
    </Filter>
  </ItemGroup>
</Project>
