Microsoft Visual Studio Solution File, Format Version 12.00
# Visual Studio 15
Project("{8BC9CEB8-8B4A-11D0-8D11-00A0C91BC942}") = "PEngineWindowPlayer", "Player\WindowPlayer\PEngineWindowPlayer.vcxproj", "{FE27B402-1E95-3EE0-B9E5-0DAD13F46CCB}"
	ProjectSection(ProjectDependencies) = postProject
		{501E5BCE-BAED-3706-9B91-DB5B888BEEAE} = {501E5BCE-BAED-3706-9B91-DB5B888BEEAE}
		{0D392585-0FE9-33DB-860E-993587EC938E} = {0D392585-0FE9-33DB-860E-993587EC938E}
		{1F8389BE-E835-3B33-8D21-72230412990F} = {1F8389BE-E835-3B33-8D21-72230412990F}
	EndProjectSection
EndProject
Project("{8BC9CEB8-8B4A-11D0-8D11-00A0C91BC942}") = "ALL_BUILD", "ALL_BUILD.vcxproj", "{59685918-2398-3176-8E86-C763C91B8A63}"
	ProjectSection(ProjectDependencies) = postProject
		{501E5BCE-BAED-3706-9B91-DB5B888BEEAE} = {501E5BCE-BAED-3706-9B91-DB5B888BEEAE}
		{0D392585-0FE9-33DB-860E-993587EC938E} = {0D392585-0FE9-33DB-860E-993587EC938E}
		{FE27B402-1E95-3EE0-B9E5-0DAD13F46CCB} = {FE27B402-1E95-3EE0-B9E5-0DAD13F46CCB}
		{1F8389BE-E835-3B33-8D21-72230412990F} = {1F8389BE-E835-3B33-8D21-72230412990F}
	EndProjectSection
EndProject
Project("{8BC9CEB8-8B4A-11D0-8D11-00A0C91BC942}") = "Core", "Runtime\Core\Core.vcxproj", "{501E5BCE-BAED-3706-9B91-DB5B888BEEAE}"
	ProjectSection(ProjectDependencies) = postProject
		{98F7F4DD-9C5F-30A8-B15A-6BAC6EC4DFEA} = {98F7F4DD-9C5F-30A8-B15A-6BAC6EC4DFEA}
	EndProjectSection
EndProject
Project("{8BC9CEB8-8B4A-11D0-8D11-00A0C91BC942}") = "Math", "Runtime\Math\Math.vcxproj", "{0D392585-0FE9-33DB-860E-993587EC938E}"
	ProjectSection(ProjectDependencies) = postProject
		{501E5BCE-BAED-3706-9B91-DB5B888BEEAE} = {501E5BCE-BAED-3706-9B91-DB5B888BEEAE}
		{1F8389BE-E835-3B33-8D21-72230412990F} = {1F8389BE-E835-3B33-8D21-72230412990F}
	EndProjectSection
EndProject
Project("{8BC9CEB8-8B4A-11D0-8D11-00A0C91BC942}") = "Rendering", "Runtime\Rendering\Rendering.vcxproj", "{98F7F4DD-9C5F-30A8-B15A-6BAC6EC4DFEA}"
	ProjectSection(ProjectDependencies) = postProject
		{1F8389BE-E835-3B33-8D21-72230412990F} = {1F8389BE-E835-3B33-8D21-72230412990F}
	EndProjectSection
EndProject
Project("{8BC9CEB8-8B4A-11D0-8D11-00A0C91BC942}") = "ZERO_CHECK", "ZERO_CHECK.vcxproj", "{1F8389BE-E835-3B33-8D21-72230412990F}"
	ProjectSection(ProjectDependencies) = postProject
	EndProjectSection
EndProject
Global
	GlobalSection(SolutionConfigurationPlatforms) = preSolution
		Debug|x64 = Debug|x64
		Release|x64 = Release|x64
		MinSizeRel|x64 = MinSizeRel|x64
		RelWithDebInfo|x64 = RelWithDebInfo|x64
	EndGlobalSection
	GlobalSection(ProjectConfigurationPlatforms) = postSolution
		{FE27B402-1E95-3EE0-B9E5-0DAD13F46CCB}.Debug|x64.ActiveCfg = Debug|x64
		{FE27B402-1E95-3EE0-B9E5-0DAD13F46CCB}.Debug|x64.Build.0 = Debug|x64
		{FE27B402-1E95-3EE0-B9E5-0DAD13F46CCB}.Release|x64.ActiveCfg = Release|x64
		{FE27B402-1E95-3EE0-B9E5-0DAD13F46CCB}.Release|x64.Build.0 = Release|x64
		{FE27B402-1E95-3EE0-B9E5-0DAD13F46CCB}.MinSizeRel|x64.ActiveCfg = MinSizeRel|x64
		{FE27B402-1E95-3EE0-B9E5-0DAD13F46CCB}.MinSizeRel|x64.Build.0 = MinSizeRel|x64
		{FE27B402-1E95-3EE0-B9E5-0DAD13F46CCB}.RelWithDebInfo|x64.ActiveCfg = RelWithDebInfo|x64
		{FE27B402-1E95-3EE0-B9E5-0DAD13F46CCB}.RelWithDebInfo|x64.Build.0 = RelWithDebInfo|x64
		{59685918-2398-3176-8E86-C763C91B8A63}.Debug|x64.ActiveCfg = Debug|x64
		{59685918-2398-3176-8E86-C763C91B8A63}.Release|x64.ActiveCfg = Release|x64
		{59685918-2398-3176-8E86-C763C91B8A63}.MinSizeRel|x64.ActiveCfg = MinSizeRel|x64
		{59685918-2398-3176-8E86-C763C91B8A63}.RelWithDebInfo|x64.ActiveCfg = RelWithDebInfo|x64
		{501E5BCE-BAED-3706-9B91-DB5B888BEEAE}.Debug|x64.ActiveCfg = Debug|x64
		{501E5BCE-BAED-3706-9B91-DB5B888BEEAE}.Debug|x64.Build.0 = Debug|x64
		{501E5BCE-BAED-3706-9B91-DB5B888BEEAE}.Release|x64.ActiveCfg = Release|x64
		{501E5BCE-BAED-3706-9B91-DB5B888BEEAE}.Release|x64.Build.0 = Release|x64
		{501E5BCE-BAED-3706-9B91-DB5B888BEEAE}.MinSizeRel|x64.ActiveCfg = MinSizeRel|x64
		{501E5BCE-BAED-3706-9B91-DB5B888BEEAE}.MinSizeRel|x64.Build.0 = MinSizeRel|x64
		{501E5BCE-BAED-3706-9B91-DB5B888BEEAE}.RelWithDebInfo|x64.ActiveCfg = RelWithDebInfo|x64
		{501E5BCE-BAED-3706-9B91-DB5B888BEEAE}.RelWithDebInfo|x64.Build.0 = RelWithDebInfo|x64
		{0D392585-0FE9-33DB-860E-993587EC938E}.Debug|x64.ActiveCfg = Debug|x64
		{0D392585-0FE9-33DB-860E-993587EC938E}.Debug|x64.Build.0 = Debug|x64
		{0D392585-0FE9-33DB-860E-993587EC938E}.Release|x64.ActiveCfg = Release|x64
		{0D392585-0FE9-33DB-860E-993587EC938E}.Release|x64.Build.0 = Release|x64
		{0D392585-0FE9-33DB-860E-993587EC938E}.MinSizeRel|x64.ActiveCfg = MinSizeRel|x64
		{0D392585-0FE9-33DB-860E-993587EC938E}.MinSizeRel|x64.Build.0 = MinSizeRel|x64
		{0D392585-0FE9-33DB-860E-993587EC938E}.RelWithDebInfo|x64.ActiveCfg = RelWithDebInfo|x64
		{0D392585-0FE9-33DB-860E-993587EC938E}.RelWithDebInfo|x64.Build.0 = RelWithDebInfo|x64
		{98F7F4DD-9C5F-30A8-B15A-6BAC6EC4DFEA}.Debug|x64.ActiveCfg = Debug|x64
		{98F7F4DD-9C5F-30A8-B15A-6BAC6EC4DFEA}.Debug|x64.Build.0 = Debug|x64
		{98F7F4DD-9C5F-30A8-B15A-6BAC6EC4DFEA}.Release|x64.ActiveCfg = Release|x64
		{98F7F4DD-9C5F-30A8-B15A-6BAC6EC4DFEA}.Release|x64.Build.0 = Release|x64
		{98F7F4DD-9C5F-30A8-B15A-6BAC6EC4DFEA}.MinSizeRel|x64.ActiveCfg = MinSizeRel|x64
		{98F7F4DD-9C5F-30A8-B15A-6BAC6EC4DFEA}.MinSizeRel|x64.Build.0 = MinSizeRel|x64
		{98F7F4DD-9C5F-30A8-B15A-6BAC6EC4DFEA}.RelWithDebInfo|x64.ActiveCfg = RelWithDebInfo|x64
		{98F7F4DD-9C5F-30A8-B15A-6BAC6EC4DFEA}.RelWithDebInfo|x64.Build.0 = RelWithDebInfo|x64
		{1F8389BE-E835-3B33-8D21-72230412990F}.Debug|x64.ActiveCfg = Debug|x64
		{1F8389BE-E835-3B33-8D21-72230412990F}.Debug|x64.Build.0 = Debug|x64
		{1F8389BE-E835-3B33-8D21-72230412990F}.Release|x64.ActiveCfg = Release|x64
		{1F8389BE-E835-3B33-8D21-72230412990F}.Release|x64.Build.0 = Release|x64
		{1F8389BE-E835-3B33-8D21-72230412990F}.MinSizeRel|x64.ActiveCfg = MinSizeRel|x64
		{1F8389BE-E835-3B33-8D21-72230412990F}.MinSizeRel|x64.Build.0 = MinSizeRel|x64
		{1F8389BE-E835-3B33-8D21-72230412990F}.RelWithDebInfo|x64.ActiveCfg = RelWithDebInfo|x64
		{1F8389BE-E835-3B33-8D21-72230412990F}.RelWithDebInfo|x64.Build.0 = RelWithDebInfo|x64
	EndGlobalSection
	GlobalSection(ExtensibilityGlobals) = postSolution
		SolutionGuid = {9E0C720C-45CE-3653-A35E-B47C5960D862}
	EndGlobalSection
	GlobalSection(ExtensibilityAddIns) = postSolution
	EndGlobalSection
EndGlobal
